Microsoft Visual Studio Solution File, Format Version 12.00
# Visual Studio Version 16
VisualStudioVersion = 16.0.29123.88
MinimumVisualStudioVersion = 10.0.40219.1
Project("{9A19103F-16F7-4668-BE54-9A1E7A4F7556}") = "Cake.UrlLoadDirective.Module", "Cake.UrlLoadDirective.Module\Cake.UrlLoadDirective.Module.csproj", "{0FBA4ACE-54E7-4244-B793-C0466BB03E11}"
EndProject
Project("{9A19103F-16F7-4668-BE54-9A1E7A4F7556}") = "Cake.UrlLoadDirective.Module.Tests", "Cake.UrlLoadDirective.Module.Tests\Cake.UrlLoadDirective.Module.Tests.csproj", "{3D254E35-491E-4A7F-B1F4-67ED87AA9045}"
EndProject
Global
	GlobalSection(SolutionConfigurationPlatforms) = preSolution
		Debug|Any CPU = Debug|Any CPU
		Release|Any CPU = Release|Any CPU
	EndGlobalSection
	GlobalSection(ProjectConfigurationPlatforms) = postSolution
		{0FBA4ACE-54E7-4244-B793-C0466BB03E11}.Debug|Any CPU.ActiveCfg = Debug|Any CPU
		{0FBA4ACE-54E7-4244-B793-C0466BB03E11}.Debug|Any CPU.Build.0 = Debug|Any CPU
		{0FBA4ACE-54E7-4244-B793-C0466BB03E11}.Release|Any CPU.ActiveCfg = Release|Any CPU
		{0FBA4ACE-54E7-4244-B793-C0466BB03E11}.Release|Any CPU.Build.0 = Release|Any CPU
		{3D254E35-491E-4A7F-B1F4-67ED87AA9045}.Debug|Any CPU.ActiveCfg = Debug|Any CPU
		{3D254E35-491E-4A7F-B1F4-67ED87AA9045}.Debug|Any CPU.Build.0 = Debug|Any CPU
		{3D254E35-491E-4A7F-B1F4-67ED87AA9045}.Release|Any CPU.ActiveCfg = Release|Any CPU
		{3D254E35-491E-4A7F-B1F4-67ED87AA9045}.Release|Any CPU.Build.0 = Release|Any CPU
	EndGlobalSection
	GlobalSection(SolutionProperties) = preSolution
		HideSolutionNode = FALSE
	EndGlobalSection
	GlobalSection(ExtensibilityGlobals) = postSolution
		SolutionGuid = {A92F7509-02DC-450F-A64A-48C14A7BEC6E}
	EndGlobalSection
EndGlobal
